
Microsoft Visual Studio Solution File, Format Version 12.00
# Visual Studio Version 17
VisualStudioVersion = 17.9.34714.143
MinimumVisualStudioVersion = 10.0.40219.1
Project("{FAE04EC0-301F-11D3-BF4B-00C04F79EFBC}") = "MassageBroker", "MassageBroker\MassageBroker.csproj", "{8D2FB418-EEAF-4C32-B87F-1117D8D77ECB}"
EndProject
Global
	GlobalSection(SolutionConfigurationPlatforms) = preSolution
		Debug|Any CPU = Debug|Any CPU
		Release|Any CPU = Release|Any CPU
	EndGlobalSection
	GlobalSection(ProjectConfigurationPlatforms) = postSolution
		{8D2FB418-EEAF-4C32-B87F-1117D8D77ECB}.Debug|Any CPU.ActiveCfg = Debug|Any CPU
		{8D2FB418-EEAF-4C32-B87F-1117D8D77ECB}.Debug|Any CPU.Build.0 = Debug|Any CPU
		{8D2FB418-EEAF-4C32-B87F-1117D8D77ECB}.Release|Any CPU.ActiveCfg = Release|Any CPU
		{8D2FB418-EEAF-4C32-B87F-1117D8D77ECB}.Release|Any CPU.Build.0 = Release|Any CPU
	EndGlobalSection
	GlobalSection(SolutionProperties) = preSolution
		HideSolutionNode = FALSE
	EndGlobalSection
	GlobalSection(ExtensibilityGlobals) = postSolution
		SolutionGuid = {85978A85-3A51-45DE-B223-6EF76E7687DA}
	EndGlobalSection
EndGlobal
